
Microsoft Visual Studio Solution File, Format Version 12.00
# Visual Studio 15
VisualStudioVersion = 15.0.28307.168
MinimumVisualStudioVersion = 10.0.40219.1
Project("{FAE04EC0-301F-11D3-BF4B-00C04F79EFBC}") = "WebFormsMislavBasic", "WebFormsMislavBasic\WebFormsMislavBasic.csproj", "{39F39D63-1122-47FD-9207-3946D6AF0B30}"
EndProject
Global
	GlobalSection(SolutionConfigurationPlatforms) = preSolution
		Debug|Any CPU = Debug|Any CPU
		Release|Any CPU = Release|Any CPU
	EndGlobalSection
	GlobalSection(ProjectConfigurationPlatforms) = postSolution
		{39F39D63-1122-47FD-9207-3946D6AF0B30}.Debug|Any CPU.ActiveCfg = Debug|Any CPU
		{39F39D63-1122-47FD-9207-3946D6AF0B30}.Debug|Any CPU.Build.0 = Debug|Any CPU
		{39F39D63-1122-47FD-9207-3946D6AF0B30}.Release|Any CPU.ActiveCfg = Release|Any CPU
		{39F39D63-1122-47FD-9207-3946D6AF0B30}.Release|Any CPU.Build.0 = Release|Any CPU
	EndGlobalSection
	GlobalSection(SolutionProperties) = preSolution
		HideSolutionNode = FALSE
	EndGlobalSection
	GlobalSection(ExtensibilityGlobals) = postSolution
		SolutionGuid = {50FB953E-71EF-4DFC-AEE9-77E12FE7A247}
	EndGlobalSection
EndGlobal
